
Microsoft Visual Studio Solution File, Format Version 12.00
# Visual Studio 15
VisualStudioVersion = 15.0.27703.2026
MinimumVisualStudioVersion = 10.0.40219.1
Project("{FAE04EC0-301F-11D3-BF4B-00C04F79EFBC}") = "Connect_Query_SQL_Lib", "Connect_Query_SQL_Lib\Connect_Query_SQL_Lib.csproj", "{943BE1CF-C364-462F-8B04-70191A3B06FC}"
EndProject
Project("{FAE04EC0-301F-11D3-BF4B-00C04F79EFBC}") = "Jason.FrameWork", "Jason.FrameWork\Jason.FrameWork.csproj", "{B9A5B658-87B1-4A22-88DE-6B612127B7AB}"
EndProject
Project("{FAE04EC0-301F-11D3-BF4B-00C04F79EFBC}") = "Jason.Libraries.DAL", "Jason.Libraries.DAL\Jason.Libraries.DAL.csproj", "{380E739C-6746-4467-BA64-0E13AA1C4F5E}"
EndProject
Project("{FAE04EC0-301F-11D3-BF4B-00C04F79EFBC}") = "Jason.Libraries.IDAL", "Jason.Libraries.IDAL\Jason.Libraries.IDAL.csproj", "{7DBAB491-9084-45A9-B851-7B0085912C6C}"
EndProject
Project("{FAE04EC0-301F-11D3-BF4B-00C04F79EFBC}") = "Jason.Libraries.Model", "Jason.Libraries.Model\Jason.Libraries.Model.csproj", "{F2E1763E-662D-4403-A4B9-A7288521CABF}"
EndProject
Project("{FAE04EC0-301F-11D3-BF4B-00C04F79EFBC}") = "Jason.Libraries.Factory", "Jason.Libraries.Factory\Jason.Libraries.Factory.csproj", "{3DAF20AC-5B51-4960-A4BE-BA32960E00EE}"
EndProject
Global
	GlobalSection(SolutionConfigurationPlatforms) = preSolution
		Debug|Any CPU = Debug|Any CPU
		Release|Any CPU = Release|Any CPU
	EndGlobalSection
	GlobalSection(ProjectConfigurationPlatforms) = postSolution
		{943BE1CF-C364-462F-8B04-70191A3B06FC}.Debug|Any CPU.ActiveCfg = Debug|Any CPU
		{943BE1CF-C364-462F-8B04-70191A3B06FC}.Debug|Any CPU.Build.0 = Debug|Any CPU
		{943BE1CF-C364-462F-8B04-70191A3B06FC}.Release|Any CPU.ActiveCfg = Release|Any CPU
		{943BE1CF-C364-462F-8B04-70191A3B06FC}.Release|Any CPU.Build.0 = Release|Any CPU
		{B9A5B658-87B1-4A22-88DE-6B612127B7AB}.Debug|Any CPU.ActiveCfg = Debug|Any CPU
		{B9A5B658-87B1-4A22-88DE-6B612127B7AB}.Debug|Any CPU.Build.0 = Debug|Any CPU
		{B9A5B658-87B1-4A22-88DE-6B612127B7AB}.Release|Any CPU.ActiveCfg = Release|Any CPU
		{B9A5B658-87B1-4A22-88DE-6B612127B7AB}.Release|Any CPU.Build.0 = Release|Any CPU
		{380E739C-6746-4467-BA64-0E13AA1C4F5E}.Debug|Any CPU.ActiveCfg = Debug|Any CPU
		{380E739C-6746-4467-BA64-0E13AA1C4F5E}.Debug|Any CPU.Build.0 = Debug|Any CPU
		{380E739C-6746-4467-BA64-0E13AA1C4F5E}.Release|Any CPU.ActiveCfg = Release|Any CPU
		{380E739C-6746-4467-BA64-0E13AA1C4F5E}.Release|Any CPU.Build.0 = Release|Any CPU
		{7DBAB491-9084-45A9-B851-7B0085912C6C}.Debug|Any CPU.ActiveCfg = Debug|Any CPU
		{7DBAB491-9084-45A9-B851-7B0085912C6C}.Debug|Any CPU.Build.0 = Debug|Any CPU
		{7DBAB491-9084-45A9-B851-7B0085912C6C}.Release|Any CPU.ActiveCfg = Release|Any CPU
		{7DBAB491-9084-45A9-B851-7B0085912C6C}.Release|Any CPU.Build.0 = Release|Any CPU
		{F2E1763E-662D-4403-A4B9-A7288521CABF}.Debug|Any CPU.ActiveCfg = Debug|Any CPU
		{F2E1763E-662D-4403-A4B9-A7288521CABF}.Debug|Any CPU.Build.0 = Debug|Any CPU
		{F2E1763E-662D-4403-A4B9-A7288521CABF}.Release|Any CPU.ActiveCfg = Release|Any CPU
		{F2E1763E-662D-4403-A4B9-A7288521CABF}.Release|Any CPU.Build.0 = Release|Any CPU
		{3DAF20AC-5B51-4960-A4BE-BA32960E00EE}.Debug|Any CPU.ActiveCfg = Debug|Any CPU
		{3DAF20AC-5B51-4960-A4BE-BA32960E00EE}.Debug|Any CPU.Build.0 = Debug|Any CPU
		{3DAF20AC-5B51-4960-A4BE-BA32960E00EE}.Release|Any CPU.ActiveCfg = Release|Any CPU
		{3DAF20AC-5B51-4960-A4BE-BA32960E00EE}.Release|Any CPU.Build.0 = Release|Any CPU
	EndGlobalSection
	GlobalSection(SolutionProperties) = preSolution
		HideSolutionNode = FALSE
	EndGlobalSection
	GlobalSection(ExtensibilityGlobals) = postSolution
		SolutionGuid = {1D389473-0490-4797-B3F7-82A39E0EB2F3}
	EndGlobalSection
EndGlobal
